
Microsoft Visual Studio Solution File, Format Version 12.00
# Visual Studio Version 16
VisualStudioVersion = 16.0.32407.337
MinimumVisualStudioVersion = 10.0.40219.1
Project("{FAE04EC0-301F-11D3-BF4B-00C04F79EFBC}") = "ElevenNoteWebApp.Server", "ElevenNoteWebApp\Server\ElevenNoteWebApp.Server.csproj", "{06B99338-194F-4239-ABC5-8988F90047FF}"
EndProject
Project("{FAE04EC0-301F-11D3-BF4B-00C04F79EFBC}") = "ElevenNoteWebApp.Client", "ElevenNoteWebApp\Client\ElevenNoteWebApp.Client.csproj", "{5FB0B6EC-2B58-487E-B790-AD3F2285A0A9}"
EndProject
Project("{FAE04EC0-301F-11D3-BF4B-00C04F79EFBC}") = "ElevenNoteWebApp.Shared", "ElevenNoteWebApp\Shared\ElevenNoteWebApp.Shared.csproj", "{C92BE4BF-7D2E-4CDF-8E17-4F95711DCE63}"
EndProject
Global
	GlobalSection(SolutionConfigurationPlatforms) = preSolution
		Debug|Any CPU = Debug|Any CPU
		Release|Any CPU = Release|Any CPU
	EndGlobalSection
	GlobalSection(ProjectConfigurationPlatforms) = postSolution
		{06B99338-194F-4239-ABC5-8988F90047FF}.Debug|Any CPU.ActiveCfg = Debug|Any CPU
		{06B99338-194F-4239-ABC5-8988F90047FF}.Debug|Any CPU.Build.0 = Debug|Any CPU
		{06B99338-194F-4239-ABC5-8988F90047FF}.Release|Any CPU.ActiveCfg = Release|Any CPU
		{06B99338-194F-4239-ABC5-8988F90047FF}.Release|Any CPU.Build.0 = Release|Any CPU
		{5FB0B6EC-2B58-487E-B790-AD3F2285A0A9}.Debug|Any CPU.ActiveCfg = Debug|Any CPU
		{5FB0B6EC-2B58-487E-B790-AD3F2285A0A9}.Debug|Any CPU.Build.0 = Debug|Any CPU
		{5FB0B6EC-2B58-487E-B790-AD3F2285A0A9}.Release|Any CPU.ActiveCfg = Release|Any CPU
		{5FB0B6EC-2B58-487E-B790-AD3F2285A0A9}.Release|Any CPU.Build.0 = Release|Any CPU
		{C92BE4BF-7D2E-4CDF-8E17-4F95711DCE63}.Debug|Any CPU.ActiveCfg = Debug|Any CPU
		{C92BE4BF-7D2E-4CDF-8E17-4F95711DCE63}.Debug|Any CPU.Build.0 = Debug|Any CPU
		{C92BE4BF-7D2E-4CDF-8E17-4F95711DCE63}.Release|Any CPU.ActiveCfg = Release|Any CPU
		{C92BE4BF-7D2E-4CDF-8E17-4F95711DCE63}.Release|Any CPU.Build.0 = Release|Any CPU
	EndGlobalSection
	GlobalSection(SolutionProperties) = preSolution
		HideSolutionNode = FALSE
	EndGlobalSection
	GlobalSection(ExtensibilityGlobals) = postSolution
		SolutionGuid = {167A8536-28DA-4A80-B87C-4699D14C1FB4}
	EndGlobalSection
EndGlobal
